
Microsoft Visual Studio Solution File, Format Version 12.00
Project("{FAE04EC0-301F-11D3-BF4B-00C04F79EFBC}") = "Parser", "src\Parser\Parser.csproj", "{812E76EC-2352-45F5-9DD2-B33061D9C68B}"
EndProject
Global
	GlobalSection(SolutionConfigurationPlatforms) = preSolution
		Debug|Any CPU = Debug|Any CPU
		Release|Any CPU = Release|Any CPU
	EndGlobalSection
	GlobalSection(ProjectConfigurationPlatforms) = postSolution
		{812E76EC-2352-45F5-9DD2-B33061D9C68B}.Debug|Any CPU.ActiveCfg = Debug|Any CPU
		{812E76EC-2352-45F5-9DD2-B33061D9C68B}.Debug|Any CPU.Build.0 = Debug|Any CPU
		{812E76EC-2352-45F5-9DD2-B33061D9C68B}.Release|Any CPU.ActiveCfg = Release|Any CPU
		{812E76EC-2352-45F5-9DD2-B33061D9C68B}.Release|Any CPU.Build.0 = Release|Any CPU
	EndGlobalSection
EndGlobal
